
Microsoft Visual Studio Solution File, Format Version 12.00
# Visual Studio 15
VisualStudioVersion = 15.0.26730.16
MinimumVisualStudioVersion = 10.0.40219.1
Project("{FAE04EC0-301F-11D3-BF4B-00C04F79EFBC}") = "Echo.Contracts", "Echo.Contracts\Echo.Contracts.csproj", "{45FF8AD8-E51C-4090-B17A-EE291999FD9E}"
EndProject
Project("{FAE04EC0-301F-11D3-BF4B-00C04F79EFBC}") = "Echo.Grains", "Echo.Grains\Echo.Grains.csproj", "{4D6141B4-AA4F-41D2-838F-EC8536549EE0}"
EndProject
Project("{FAE04EC0-301F-11D3-BF4B-00C04F79EFBC}") = "Echo.Host", "Echo.Host\Echo.Host.csproj", "{A5A7C91F-9E83-4728-86C0-C105A561676E}"
EndProject
Project("{FAE04EC0-301F-11D3-BF4B-00C04F79EFBC}") = "Echo.Client", "Echo.Client\Echo.Client.csproj", "{1D511FDF-B6AE-40A4-B5A0-875E5CF3516D}"
EndProject
Global
	GlobalSection(SolutionConfigurationPlatforms) = preSolution
		Debug|Any CPU = Debug|Any CPU
		Release|Any CPU = Release|Any CPU
	EndGlobalSection
	GlobalSection(ProjectConfigurationPlatforms) = postSolution
		{45FF8AD8-E51C-4090-B17A-EE291999FD9E}.Debug|Any CPU.ActiveCfg = Debug|Any CPU
		{45FF8AD8-E51C-4090-B17A-EE291999FD9E}.Debug|Any CPU.Build.0 = Debug|Any CPU
		{45FF8AD8-E51C-4090-B17A-EE291999FD9E}.Release|Any CPU.ActiveCfg = Release|Any CPU
		{45FF8AD8-E51C-4090-B17A-EE291999FD9E}.Release|Any CPU.Build.0 = Release|Any CPU
		{4D6141B4-AA4F-41D2-838F-EC8536549EE0}.Debug|Any CPU.ActiveCfg = Debug|Any CPU
		{4D6141B4-AA4F-41D2-838F-EC8536549EE0}.Debug|Any CPU.Build.0 = Debug|Any CPU
		{4D6141B4-AA4F-41D2-838F-EC8536549EE0}.Release|Any CPU.ActiveCfg = Release|Any CPU
		{4D6141B4-AA4F-41D2-838F-EC8536549EE0}.Release|Any CPU.Build.0 = Release|Any CPU
		{A5A7C91F-9E83-4728-86C0-C105A561676E}.Debug|Any CPU.ActiveCfg = Debug|Any CPU
		{A5A7C91F-9E83-4728-86C0-C105A561676E}.Debug|Any CPU.Build.0 = Debug|Any CPU
		{A5A7C91F-9E83-4728-86C0-C105A561676E}.Release|Any CPU.ActiveCfg = Release|Any CPU
		{A5A7C91F-9E83-4728-86C0-C105A561676E}.Release|Any CPU.Build.0 = Release|Any CPU
		{1D511FDF-B6AE-40A4-B5A0-875E5CF3516D}.Debug|Any CPU.ActiveCfg = Debug|Any CPU
		{1D511FDF-B6AE-40A4-B5A0-875E5CF3516D}.Debug|Any CPU.Build.0 = Debug|Any CPU
		{1D511FDF-B6AE-40A4-B5A0-875E5CF3516D}.Release|Any CPU.ActiveCfg = Release|Any CPU
		{1D511FDF-B6AE-40A4-B5A0-875E5CF3516D}.Release|Any CPU.Build.0 = Release|Any CPU
	EndGlobalSection
	GlobalSection(SolutionProperties) = preSolution
		HideSolutionNode = FALSE
	EndGlobalSection
	GlobalSection(ExtensibilityGlobals) = postSolution
		SolutionGuid = {DF26FB95-E02F-4A00-9347-A21B6BA5E97A}
	EndGlobalSection
EndGlobal
